
Microsoft Visual Studio Solution File, Format Version 11.00
# Visual Studio 2010
Project("{FAE04EC0-301F-11D3-BF4B-00C04F79EFBC}") = "BarcodeGenerator", "BarcodeGenerator\BarcodeGenerator.csproj", "{EB9DE775-C5A9-4606-9FC8-07493E57730C}"
EndProject
Project("{FAE04EC0-301F-11D3-BF4B-00C04F79EFBC}") = "KwBarcode", "KwBarcode\KwBarcode.csproj", "{6B1B3DCE-C042-4F90-8CD2-D547B5E3D8F4}"
EndProject
Project("{FAE04EC0-301F-11D3-BF4B-00C04F79EFBC}") = "GenCode128", "GenCode128\GenCode128.csproj", "{32817BF9-E380-4467-9C7F-936F4B122BC7}"
EndProject
Project("{FAE04EC0-301F-11D3-BF4B-00C04F79EFBC}") = "NuCloverBarcode", "NuCloverBarcode\NuCloverBarcode.csproj", "{27023332-DB3F-4E13-A1D9-97FF0845DA43}"
EndProject
Project("{FAE04EC0-301F-11D3-BF4B-00C04F79EFBC}") = "zxing", "zxingLib\zxing.csproj", "{6431CF13-7A7B-4602-B96A-47CDA6F0B008}"
EndProject
Global
	GlobalSection(SolutionConfigurationPlatforms) = preSolution
		Debug|Any CPU = Debug|Any CPU
		Debug|Mixed Platforms = Debug|Mixed Platforms
		Debug|x86 = Debug|x86
		GlobalDll|Any CPU = GlobalDll|Any CPU
		GlobalDll|Mixed Platforms = GlobalDll|Mixed Platforms
		GlobalDll|x86 = GlobalDll|x86
		Release|Any CPU = Release|Any CPU
		Release|Mixed Platforms = Release|Mixed Platforms
		Release|x86 = Release|x86
	EndGlobalSection
	GlobalSection(ProjectConfigurationPlatforms) = postSolution
		{EB9DE775-C5A9-4606-9FC8-07493E57730C}.Debug|Any CPU.ActiveCfg = Debug|x86
		{EB9DE775-C5A9-4606-9FC8-07493E57730C}.Debug|Mixed Platforms.ActiveCfg = Debug|x86
		{EB9DE775-C5A9-4606-9FC8-07493E57730C}.Debug|Mixed Platforms.Build.0 = Debug|x86
		{EB9DE775-C5A9-4606-9FC8-07493E57730C}.Debug|x86.ActiveCfg = Debug|x86
		{EB9DE775-C5A9-4606-9FC8-07493E57730C}.Debug|x86.Build.0 = Debug|x86
		{EB9DE775-C5A9-4606-9FC8-07493E57730C}.GlobalDll|Any CPU.ActiveCfg = GlobalDll|x86
		{EB9DE775-C5A9-4606-9FC8-07493E57730C}.GlobalDll|Mixed Platforms.ActiveCfg = GlobalDll|x86
		{EB9DE775-C5A9-4606-9FC8-07493E57730C}.GlobalDll|Mixed Platforms.Build.0 = GlobalDll|x86
		{EB9DE775-C5A9-4606-9FC8-07493E57730C}.GlobalDll|x86.ActiveCfg = GlobalDll|x86
		{EB9DE775-C5A9-4606-9FC8-07493E57730C}.GlobalDll|x86.Build.0 = GlobalDll|x86
		{EB9DE775-C5A9-4606-9FC8-07493E57730C}.Release|Any CPU.ActiveCfg = Release|x86
		{EB9DE775-C5A9-4606-9FC8-07493E57730C}.Release|Mixed Platforms.ActiveCfg = Release|x86
		{EB9DE775-C5A9-4606-9FC8-07493E57730C}.Release|Mixed Platforms.Build.0 = Release|x86
		{EB9DE775-C5A9-4606-9FC8-07493E57730C}.Release|x86.ActiveCfg = Release|x86
		{EB9DE775-C5A9-4606-9FC8-07493E57730C}.Release|x86.Build.0 = Release|x86
		{6B1B3DCE-C042-4F90-8CD2-D547B5E3D8F4}.Debug|Any CPU.ActiveCfg = Debug|Any CPU
		{6B1B3DCE-C042-4F90-8CD2-D547B5E3D8F4}.Debug|Any CPU.Build.0 = Debug|Any CPU
		{6B1B3DCE-C042-4F90-8CD2-D547B5E3D8F4}.Debug|Mixed Platforms.ActiveCfg = Debug|Any CPU
		{6B1B3DCE-C042-4F90-8CD2-D547B5E3D8F4}.Debug|Mixed Platforms.Build.0 = Debug|Any CPU
		{6B1B3DCE-C042-4F90-8CD2-D547B5E3D8F4}.Debug|x86.ActiveCfg = Debug|Any CPU
		{6B1B3DCE-C042-4F90-8CD2-D547B5E3D8F4}.GlobalDll|Any CPU.ActiveCfg = GlobalDll|Any CPU
		{6B1B3DCE-C042-4F90-8CD2-D547B5E3D8F4}.GlobalDll|Any CPU.Build.0 = GlobalDll|Any CPU
		{6B1B3DCE-C042-4F90-8CD2-D547B5E3D8F4}.GlobalDll|Mixed Platforms.ActiveCfg = GlobalDll|Any CPU
		{6B1B3DCE-C042-4F90-8CD2-D547B5E3D8F4}.GlobalDll|Mixed Platforms.Build.0 = GlobalDll|Any CPU
		{6B1B3DCE-C042-4F90-8CD2-D547B5E3D8F4}.GlobalDll|x86.ActiveCfg = GlobalDll|Any CPU
		{6B1B3DCE-C042-4F90-8CD2-D547B5E3D8F4}.Release|Any CPU.ActiveCfg = Release|Any CPU
		{6B1B3DCE-C042-4F90-8CD2-D547B5E3D8F4}.Release|Any CPU.Build.0 = Release|Any CPU
		{6B1B3DCE-C042-4F90-8CD2-D547B5E3D8F4}.Release|Mixed Platforms.ActiveCfg = Release|Any CPU
		{6B1B3DCE-C042-4F90-8CD2-D547B5E3D8F4}.Release|Mixed Platforms.Build.0 = Release|Any CPU
		{6B1B3DCE-C042-4F90-8CD2-D547B5E3D8F4}.Release|x86.ActiveCfg = Release|Any CPU
		{32817BF9-E380-4467-9C7F-936F4B122BC7}.Debug|Any CPU.ActiveCfg = Debug|Any CPU
		{32817BF9-E380-4467-9C7F-936F4B122BC7}.Debug|Any CPU.Build.0 = Debug|Any CPU
		{32817BF9-E380-4467-9C7F-936F4B122BC7}.Debug|Mixed Platforms.ActiveCfg = Debug|Any CPU
		{32817BF9-E380-4467-9C7F-936F4B122BC7}.Debug|Mixed Platforms.Build.0 = Debug|Any CPU
		{32817BF9-E380-4467-9C7F-936F4B122BC7}.Debug|x86.ActiveCfg = Debug|Any CPU
		{32817BF9-E380-4467-9C7F-936F4B122BC7}.GlobalDll|Any CPU.ActiveCfg = Release|Any CPU
		{32817BF9-E380-4467-9C7F-936F4B122BC7}.GlobalDll|Any CPU.Build.0 = Release|Any CPU
		{32817BF9-E380-4467-9C7F-936F4B122BC7}.GlobalDll|Mixed Platforms.ActiveCfg = Release|Any CPU
		{32817BF9-E380-4467-9C7F-936F4B122BC7}.GlobalDll|Mixed Platforms.Build.0 = Release|Any CPU
		{32817BF9-E380-4467-9C7F-936F4B122BC7}.GlobalDll|x86.ActiveCfg = Release|Any CPU
		{32817BF9-E380-4467-9C7F-936F4B122BC7}.Release|Any CPU.ActiveCfg = Release|Any CPU
		{32817BF9-E380-4467-9C7F-936F4B122BC7}.Release|Any CPU.Build.0 = Release|Any CPU
		{32817BF9-E380-4467-9C7F-936F4B122BC7}.Release|Mixed Platforms.ActiveCfg = Release|Any CPU
		{32817BF9-E380-4467-9C7F-936F4B122BC7}.Release|Mixed Platforms.Build.0 = Release|Any CPU
		{32817BF9-E380-4467-9C7F-936F4B122BC7}.Release|x86.ActiveCfg = Release|Any CPU
		{27023332-DB3F-4E13-A1D9-97FF0845DA43}.Debug|Any CPU.ActiveCfg = Debug|x86
		{27023332-DB3F-4E13-A1D9-97FF0845DA43}.Debug|Mixed Platforms.ActiveCfg = Debug|x86
		{27023332-DB3F-4E13-A1D9-97FF0845DA43}.Debug|Mixed Platforms.Build.0 = Debug|x86
		{27023332-DB3F-4E13-A1D9-97FF0845DA43}.Debug|x86.ActiveCfg = Debug|x86
		{27023332-DB3F-4E13-A1D9-97FF0845DA43}.Debug|x86.Build.0 = Debug|x86
		{27023332-DB3F-4E13-A1D9-97FF0845DA43}.GlobalDll|Any CPU.ActiveCfg = Release|x86
		{27023332-DB3F-4E13-A1D9-97FF0845DA43}.GlobalDll|Mixed Platforms.ActiveCfg = Release|x86
		{27023332-DB3F-4E13-A1D9-97FF0845DA43}.GlobalDll|Mixed Platforms.Build.0 = Release|x86
		{27023332-DB3F-4E13-A1D9-97FF0845DA43}.GlobalDll|x86.ActiveCfg = Release|x86
		{27023332-DB3F-4E13-A1D9-97FF0845DA43}.GlobalDll|x86.Build.0 = Release|x86
		{27023332-DB3F-4E13-A1D9-97FF0845DA43}.Release|Any CPU.ActiveCfg = Release|x86
		{27023332-DB3F-4E13-A1D9-97FF0845DA43}.Release|Mixed Platforms.ActiveCfg = Release|x86
		{27023332-DB3F-4E13-A1D9-97FF0845DA43}.Release|Mixed Platforms.Build.0 = Release|x86
		{27023332-DB3F-4E13-A1D9-97FF0845DA43}.Release|x86.ActiveCfg = Release|x86
		{27023332-DB3F-4E13-A1D9-97FF0845DA43}.Release|x86.Build.0 = Release|x86
		{6431CF13-7A7B-4602-B96A-47CDA6F0B008}.Debug|Any CPU.ActiveCfg = Debug|Any CPU
		{6431CF13-7A7B-4602-B96A-47CDA6F0B008}.Debug|Any CPU.Build.0 = Debug|Any CPU
		{6431CF13-7A7B-4602-B96A-47CDA6F0B008}.Debug|Mixed Platforms.ActiveCfg = Debug|Any CPU
		{6431CF13-7A7B-4602-B96A-47CDA6F0B008}.Debug|Mixed Platforms.Build.0 = Debug|Any CPU
		{6431CF13-7A7B-4602-B96A-47CDA6F0B008}.Debug|x86.ActiveCfg = Debug|Any CPU
		{6431CF13-7A7B-4602-B96A-47CDA6F0B008}.GlobalDll|Any CPU.ActiveCfg = Release|Any CPU
		{6431CF13-7A7B-4602-B96A-47CDA6F0B008}.GlobalDll|Any CPU.Build.0 = Release|Any CPU
		{6431CF13-7A7B-4602-B96A-47CDA6F0B008}.GlobalDll|Mixed Platforms.ActiveCfg = Release|Any CPU
		{6431CF13-7A7B-4602-B96A-47CDA6F0B008}.GlobalDll|Mixed Platforms.Build.0 = Release|Any CPU
		{6431CF13-7A7B-4602-B96A-47CDA6F0B008}.GlobalDll|x86.ActiveCfg = Release|Any CPU
		{6431CF13-7A7B-4602-B96A-47CDA6F0B008}.Release|Any CPU.ActiveCfg = Release|Any CPU
		{6431CF13-7A7B-4602-B96A-47CDA6F0B008}.Release|Any CPU.Build.0 = Release|Any CPU
		{6431CF13-7A7B-4602-B96A-47CDA6F0B008}.Release|Mixed Platforms.ActiveCfg = Release|Any CPU
		{6431CF13-7A7B-4602-B96A-47CDA6F0B008}.Release|Mixed Platforms.Build.0 = Release|Any CPU
		{6431CF13-7A7B-4602-B96A-47CDA6F0B008}.Release|x86.ActiveCfg = Release|Any CPU
	EndGlobalSection
	GlobalSection(SolutionProperties) = preSolution
		HideSolutionNode = FALSE
	EndGlobalSection
EndGlobal
